
Microsoft Visual Studio Solution File, Format Version 12.00
# Visual Studio 2013
VisualStudioVersion = 12.0.21005.1
MinimumVisualStudioVersion = 10.0.40219.1
Project("{FAE04EC0-301F-11D3-BF4B-00C04F79EFBC}") = "ISProjects", "ISProjects\ISProjects.csproj", "{2A0F5907-674D-42DA-B157-4E3E0B7ACBBA}"
EndProject
Project("{FAE04EC0-301F-11D3-BF4B-00C04F79EFBC}") = "MVC4", "MVC4\MVC4.csproj", "{7F048BF2-8433-473A-9D8A-E7F931C9A5E3}"
EndProject
Project("{FAE04EC0-301F-11D3-BF4B-00C04F79EFBC}") = "ASPMVC", "ASPMVC\ASPMVC.csproj", "{DFBC9345-862F-4D39-BDD4-34DAEC85659E}"
EndProject
Global
	GlobalSection(SolutionConfigurationPlatforms) = preSolution
		Debug|Any CPU = Debug|Any CPU
		Release|Any CPU = Release|Any CPU
	EndGlobalSection
	GlobalSection(ProjectConfigurationPlatforms) = postSolution
		{2A0F5907-674D-42DA-B157-4E3E0B7ACBBA}.Debug|Any CPU.ActiveCfg = Debug|Any CPU
		{2A0F5907-674D-42DA-B157-4E3E0B7ACBBA}.Debug|Any CPU.Build.0 = Debug|Any CPU
		{2A0F5907-674D-42DA-B157-4E3E0B7ACBBA}.Release|Any CPU.ActiveCfg = Release|Any CPU
		{2A0F5907-674D-42DA-B157-4E3E0B7ACBBA}.Release|Any CPU.Build.0 = Release|Any CPU
		{7F048BF2-8433-473A-9D8A-E7F931C9A5E3}.Debug|Any CPU.ActiveCfg = Debug|Any CPU
		{7F048BF2-8433-473A-9D8A-E7F931C9A5E3}.Debug|Any CPU.Build.0 = Debug|Any CPU
		{7F048BF2-8433-473A-9D8A-E7F931C9A5E3}.Release|Any CPU.ActiveCfg = Release|Any CPU
		{7F048BF2-8433-473A-9D8A-E7F931C9A5E3}.Release|Any CPU.Build.0 = Release|Any CPU
		{DFBC9345-862F-4D39-BDD4-34DAEC85659E}.Debug|Any CPU.ActiveCfg = Debug|Any CPU
		{DFBC9345-862F-4D39-BDD4-34DAEC85659E}.Debug|Any CPU.Build.0 = Debug|Any CPU
		{DFBC9345-862F-4D39-BDD4-34DAEC85659E}.Release|Any CPU.ActiveCfg = Release|Any CPU
		{DFBC9345-862F-4D39-BDD4-34DAEC85659E}.Release|Any CPU.Build.0 = Release|Any CPU
	EndGlobalSection
	GlobalSection(SolutionProperties) = preSolution
		HideSolutionNode = FALSE
	EndGlobalSection
EndGlobal
